
Microsoft Visual Studio Solution File, Format Version 12.00
# Visual Studio Version 16
VisualStudioVersion = 16.0.30114.105
MinimumVisualStudioVersion = 10.0.40219.1
Project("{FAE04EC0-301F-11D3-BF4B-00C04F79EFBC}") = "LetterboxDojo", "LetterboxDojo\LetterboxDojo.csproj", "{312B2298-91B0-460E-B437-DDA05743FF95}"
EndProject
Project("{FAE04EC0-301F-11D3-BF4B-00C04F79EFBC}") = "LetterboxDojo.Tests", "LetterboxDojo.Tests\LetterboxDojo.Tests.csproj", "{6C521869-1B36-46F0-A0B2-273538CD7827}"
EndProject
Global
	GlobalSection(SolutionConfigurationPlatforms) = preSolution
		Debug|Any CPU = Debug|Any CPU
		Debug|x64 = Debug|x64
		Debug|x86 = Debug|x86
		Release|Any CPU = Release|Any CPU
		Release|x64 = Release|x64
		Release|x86 = Release|x86
	EndGlobalSection
	GlobalSection(SolutionProperties) = preSolution
		HideSolutionNode = FALSE
	EndGlobalSection
	GlobalSection(ProjectConfigurationPlatforms) = postSolution
		{312B2298-91B0-460E-B437-DDA05743FF95}.Debug|Any CPU.ActiveCfg = Debug|Any CPU
		{312B2298-91B0-460E-B437-DDA05743FF95}.Debug|Any CPU.Build.0 = Debug|Any CPU
		{312B2298-91B0-460E-B437-DDA05743FF95}.Debug|x64.ActiveCfg = Debug|Any CPU
		{312B2298-91B0-460E-B437-DDA05743FF95}.Debug|x64.Build.0 = Debug|Any CPU
		{312B2298-91B0-460E-B437-DDA05743FF95}.Debug|x86.ActiveCfg = Debug|Any CPU
		{312B2298-91B0-460E-B437-DDA05743FF95}.Debug|x86.Build.0 = Debug|Any CPU
		{312B2298-91B0-460E-B437-DDA05743FF95}.Release|Any CPU.ActiveCfg = Release|Any CPU
		{312B2298-91B0-460E-B437-DDA05743FF95}.Release|Any CPU.Build.0 = Release|Any CPU
		{312B2298-91B0-460E-B437-DDA05743FF95}.Release|x64.ActiveCfg = Release|Any CPU
		{312B2298-91B0-460E-B437-DDA05743FF95}.Release|x64.Build.0 = Release|Any CPU
		{312B2298-91B0-460E-B437-DDA05743FF95}.Release|x86.ActiveCfg = Release|Any CPU
		{312B2298-91B0-460E-B437-DDA05743FF95}.Release|x86.Build.0 = Release|Any CPU
		{6C521869-1B36-46F0-A0B2-273538CD7827}.Debug|Any CPU.ActiveCfg = Debug|Any CPU
		{6C521869-1B36-46F0-A0B2-273538CD7827}.Debug|Any CPU.Build.0 = Debug|Any CPU
		{6C521869-1B36-46F0-A0B2-273538CD7827}.Debug|x64.ActiveCfg = Debug|Any CPU
		{6C521869-1B36-46F0-A0B2-273538CD7827}.Debug|x64.Build.0 = Debug|Any CPU
		{6C521869-1B36-46F0-A0B2-273538CD7827}.Debug|x86.ActiveCfg = Debug|Any CPU
		{6C521869-1B36-46F0-A0B2-273538CD7827}.Debug|x86.Build.0 = Debug|Any CPU
		{6C521869-1B36-46F0-A0B2-273538CD7827}.Release|Any CPU.ActiveCfg = Release|Any CPU
		{6C521869-1B36-46F0-A0B2-273538CD7827}.Release|Any CPU.Build.0 = Release|Any CPU
		{6C521869-1B36-46F0-A0B2-273538CD7827}.Release|x64.ActiveCfg = Release|Any CPU
		{6C521869-1B36-46F0-A0B2-273538CD7827}.Release|x64.Build.0 = Release|Any CPU
		{6C521869-1B36-46F0-A0B2-273538CD7827}.Release|x86.ActiveCfg = Release|Any CPU
		{6C521869-1B36-46F0-A0B2-273538CD7827}.Release|x86.Build.0 = Release|Any CPU
	EndGlobalSection
EndGlobal
